// !$*UTF8*$!
{
	archiveVersion = 1;
	classes = {
	};
	objectVersion = 56;
	objects = {

/* Begin PBXBuildFile section */
		781769A82B302DEE00412D7D /* CategoryViewModel.swift in Sources */ = {isa = PBXBuildFile; fileRef = 781769A72B302DEE00412D7D /* CategoryViewModel.swift */; };
		781DC08F2B15F833004C629D /* CategoryModel.swift in Sources */ = {isa = PBXBuildFile; fileRef = 781DC08E2B15F833004C629D /* CategoryModel.swift */; };
		7871A08B2B3194BE00366237 /* DailyView.swift in Sources */ = {isa = PBXBuildFile; fileRef = 7871A08A2B3194BE00366237 /* DailyView.swift */; };
		7871A08D2B3194CB00366237 /* MeetView.swift in Sources */ = {isa = PBXBuildFile; fileRef = 7871A08C2B3194CB00366237 /* MeetView.swift */; };
		7871A08F2B3194D200366237 /* WorkoutView.swift in Sources */ = {isa = PBXBuildFile; fileRef = 7871A08E2B3194D200366237 /* WorkoutView.swift */; };
		787CEE682B419E7000DF51BD /* Launch Screen.storyboard in Resources */ = {isa = PBXBuildFile; fileRef = 787CEE672B419E7000DF51BD /* Launch Screen.storyboard */; };
		788898122AF366DA0074A293 /* waffle_bibsApp.swift in Sources */ = {isa = PBXBuildFile; fileRef = 788898112AF366DA0074A293 /* waffle_bibsApp.swift */; };
		788898142AF366DA0074A293 /* ContentView.swift in Sources */ = {isa = PBXBuildFile; fileRef = 788898132AF366DA0074A293 /* ContentView.swift */; };
		788898162AF366DC0074A293 /* Assets.xcassets in Resources */ = {isa = PBXBuildFile; fileRef = 788898152AF366DC0074A293 /* Assets.xcassets */; };
		788898192AF366DC0074A293 /* Preview Assets.xcassets in Resources */ = {isa = PBXBuildFile; fileRef = 788898182AF366DC0074A293 /* Preview Assets.xcassets */; };
		78BC9B982B05EC8400CD8C2E /* Inter-Light.ttf in Resources */ = {isa = PBXBuildFile; fileRef = 78BC9B8F2B05EC8200CD8C2E /* Inter-Light.ttf */; };
		78BC9B992B05EC8400CD8C2E /* Inter-Bold.ttf in Resources */ = {isa = PBXBuildFile; fileRef = 78BC9B902B05EC8200CD8C2E /* Inter-Bold.ttf */; };
		78BC9B9A2B05EC8400CD8C2E /* Inter-Medium.ttf in Resources */ = {isa = PBXBuildFile; fileRef = 78BC9B912B05EC8200CD8C2E /* Inter-Medium.ttf */; };
		78BC9B9B2B05EC8400CD8C2E /* Inter-ExtraLight.ttf in Resources */ = {isa = PBXBuildFile; fileRef = 78BC9B922B05EC8300CD8C2E /* Inter-ExtraLight.ttf */; };
		78BC9B9C2B05EC8400CD8C2E /* Inter-Thin.ttf in Resources */ = {isa = PBXBuildFile; fileRef = 78BC9B932B05EC8300CD8C2E /* Inter-Thin.ttf */; };
		78BC9B9D2B05EC8400CD8C2E /* Inter-Black.ttf in Resources */ = {isa = PBXBuildFile; fileRef = 78BC9B942B05EC8300CD8C2E /* Inter-Black.ttf */; };
		78BC9B9E2B05EC8400CD8C2E /* Inter-SemiBold.ttf in Resources */ = {isa = PBXBuildFile; fileRef = 78BC9B952B05EC8300CD8C2E /* Inter-SemiBold.ttf */; };
		78BC9B9F2B05EC8400CD8C2E /* Inter-Regular.ttf in Resources */ = {isa = PBXBuildFile; fileRef = 78BC9B962B05EC8300CD8C2E /* Inter-Regular.ttf */; };
		78BC9BA02B05EC8400CD8C2E /* Inter-ExtraBold.ttf in Resources */ = {isa = PBXBuildFile; fileRef = 78BC9B972B05EC8300CD8C2E /* Inter-ExtraBold.ttf */; };
		78C67AE92B14791200A2DB69 /* AssimentView.swift in Sources */ = {isa = PBXBuildFile; fileRef = 78C67AE82B14791200A2DB69 /* AssimentView.swift */; };
		78FDBA2F2B05FF8F0044D91C /* GridItemModel.swift in Sources */ = {isa = PBXBuildFile; fileRef = 78FDBA2E2B05FF8F0044D91C /* GridItemModel.swift */; };
		C7FAEB9204D957B64F051F31 /* Pods_waffle_bibs.framework in Frameworks */ = {isa = PBXBuildFile; fileRef = 342C36B01B6EE493344512EB /* Pods_waffle_bibs.framework */; };
/* End PBXBuildFile section */

/* Begin PBXFileReference section */
		342C36B01B6EE493344512EB /* Pods_waffle_bibs.framework */ = {isa = PBXFileReference; explicitFileType = wrapper.framework; includeInIndex = 0; path = Pods_waffle_bibs.framework; sourceTree = BUILT_PRODUCTS_DIR; };
		781769A72B302DEE00412D7D /* CategoryViewModel.swift */ = {isa = PBXFileReference; lastKnownFileType = sourcecode.swift; path = CategoryViewModel.swift; sourceTree = "<group>"; };
		781DC08E2B15F833004C629D /* CategoryModel.swift */ = {isa = PBXFileReference; lastKnownFileType = sourcecode.swift; path = CategoryModel.swift; sourceTree = "<group>"; };
		7871A08A2B3194BE00366237 /* DailyView.swift */ = {isa = PBXFileReference; lastKnownFileType = sourcecode.swift; path = DailyView.swift; sourceTree = "<group>"; };
		7871A08C2B3194CB00366237 /* MeetView.swift */ = {isa = PBXFileReference; lastKnownFileType = sourcecode.swift; path = MeetView.swift; sourceTree = "<group>"; };
		7871A08E2B3194D200366237 /* WorkoutView.swift */ = {isa = PBXFileReference; lastKnownFileType = sourcecode.swift; path = WorkoutView.swift; sourceTree = "<group>"; };
		787CEE672B419E7000DF51BD /* Launch Screen.storyboard */ = {isa = PBXFileReference; lastKnownFileType = file.storyboard; path = "Launch Screen.storyboard"; sourceTree = "<group>"; };
		7888980E2AF366DA0074A293 /* waffle-bibs.app */ = {isa = PBXFileReference; explicitFileType = wrapper.application; includeInIndex = 0; path = "waffle-bibs.app"; sourceTree = BUILT_PRODUCTS_DIR; };
		788898112AF366DA0074A293 /* waffle_bibsApp.swift */ = {isa = PBXFileReference; lastKnownFileType = sourcecode.swift; path = waffle_bibsApp.swift; sourceTree = "<group>"; };
		788898132AF366DA0074A293 /* ContentView.swift */ = {isa = PBXFileReference; lastKnownFileType = sourcecode.swift; path = ContentView.swift; sourceTree = "<group>"; };
		788898152AF366DC0074A293 /* Assets.xcassets */ = {isa = PBXFileReference; lastKnownFileType = folder.assetcatalog; path = Assets.xcassets; sourceTree = "<group>"; };
		788898182AF366DC0074A293 /* Preview Assets.xcassets */ = {isa = PBXFileReference; lastKnownFileType = folder.assetcatalog; path = "Preview Assets.xcassets"; sourceTree = "<group>"; };
		78BC9B8F2B05EC8200CD8C2E /* Inter-Light.ttf */ = {isa = PBXFileReference; lastKnownFileType = file; path = "Inter-Light.ttf"; sourceTree = "<group>"; };
		78BC9B902B05EC8200CD8C2E /* Inter-Bold.ttf */ = {isa = PBXFileReference; lastKnownFileType = file; path = "Inter-Bold.ttf"; sourceTree = "<group>"; };
		78BC9B912B05EC8200CD8C2E /* Inter-Medium.ttf */ = {isa = PBXFileReference; lastKnownFileType = file; path = "Inter-Medium.ttf"; sourceTree = "<group>"; };
		78BC9B922B05EC8300CD8C2E /* Inter-ExtraLight.ttf */ = {isa = PBXFileReference; lastKnownFileType = file; path = "Inter-ExtraLight.ttf"; sourceTree = "<group>"; };
		78BC9B932B05EC8300CD8C2E /* Inter-Thin.ttf */ = {isa = PBXFileReference; lastKnownFileType = file; path = "Inter-Thin.ttf"; sourceTree = "<group>"; };
		78BC9B942B05EC8300CD8C2E /* Inter-Black.ttf */ = {isa = PBXFileReference; lastKnownFileType = file; path = "Inter-Black.ttf"; sourceTree = "<group>"; };
		78BC9B952B05EC8300CD8C2E /* Inter-SemiBold.ttf */ = {isa = PBXFileReference; lastKnownFileType = file; path = "Inter-SemiBold.ttf"; sourceTree = "<group>"; };
		78BC9B962B05EC8300CD8C2E /* Inter-Regular.ttf */ = {isa = PBXFileReference; lastKnownFileType = file; path = "Inter-Regular.ttf"; sourceTree = "<group>"; };
		78BC9B972B05EC8300CD8C2E /* Inter-ExtraBold.ttf */ = {isa = PBXFileReference; lastKnownFileType = file; path = "Inter-ExtraBold.ttf"; sourceTree = "<group>"; };
		78BC9BA12B05F15300CD8C2E /* Info.plist */ = {isa = PBXFileReference; lastKnownFileType = text.plist.xml; path = Info.plist; sourceTree = "<group>"; };
		78C67AE82B14791200A2DB69 /* AssimentView.swift */ = {isa = PBXFileReference; lastKnownFileType = sourcecode.swift; path = AssimentView.swift; sourceTree = "<group>"; };
		78FDBA2E2B05FF8F0044D91C /* GridItemModel.swift */ = {isa = PBXFileReference; lastKnownFileType = sourcecode.swift; path = GridItemModel.swift; sourceTree = "<group>"; };
		D91F7E2A3DFF30D0ED05719D /* Pods-waffle-bibs.release.xcconfig */ = {isa = PBXFileReference; includeInIndex = 1; lastKnownFileType = text.xcconfig; name = "Pods-waffle-bibs.release.xcconfig"; path = "Target Support Files/Pods-waffle-bibs/Pods-waffle-bibs.release.xcconfig"; sourceTree = "<group>"; };
		F488346D9C1FE6B7045886DF /* Pods-waffle-bibs.debug.xcconfig */ = {isa = PBXFileReference; includeInIndex = 1; lastKnownFileType = text.xcconfig; name = "Pods-waffle-bibs.debug.xcconfig"; path = "Target Support Files/Pods-waffle-bibs/Pods-waffle-bibs.debug.xcconfig"; sourceTree = "<group>"; };
/* End PBXFileReference section */

/* Begin PBXFrameworksBuildPhase section */
		7888980B2AF366DA0074A293 /* Frameworks */ = {
			isa = PBXFrameworksBuildPhase;
			buildActionMask = 2147483647;
			files = (
				C7FAEB9204D957B64F051F31 /* Pods_waffle_bibs.framework in Frameworks */,
			);
			runOnlyForDeploymentPostprocessing = 0;
		};
/* End PBXFrameworksBuildPhase section */

/* Begin PBXGroup section */
		3F40ADE04BEB628D7EFB4A7E /* Pods */ = {
			isa = PBXGroup;
			children = (
				F488346D9C1FE6B7045886DF /* Pods-waffle-bibs.debug.xcconfig */,
				D91F7E2A3DFF30D0ED05719D /* Pods-waffle-bibs.release.xcconfig */,
			);
			path = Pods;
			sourceTree = "<group>";
		};
		781769A62B302DE700412D7D /* ViewModel */ = {
			isa = PBXGroup;
			children = (
				781769A72B302DEE00412D7D /* CategoryViewModel.swift */,
			);
			path = ViewModel;
			sourceTree = "<group>";
		};
		788898052AF366DA0074A293 = {
			isa = PBXGroup;
			children = (
				781769A62B302DE700412D7D /* ViewModel */,
				78FDBA2D2B05FF7E0044D91C /* Model */,
				788898102AF366DA0074A293 /* waffle-bibs */,
				7888980F2AF366DA0074A293 /* Products */,
				3F40ADE04BEB628D7EFB4A7E /* Pods */,
				DF1974BE6F56AFCCC5CBDF30 /* Frameworks */,
			);
			sourceTree = "<group>";
		};
		7888980F2AF366DA0074A293 /* Products */ = {
			isa = PBXGroup;
			children = (
				7888980E2AF366DA0074A293 /* waffle-bibs.app */,
			);
			name = Products;
			sourceTree = "<group>";
		};
		788898102AF366DA0074A293 /* waffle-bibs */ = {
			isa = PBXGroup;
			children = (
				788898132AF366DA0074A293 /* ContentView.swift */,
				78C67AE82B14791200A2DB69 /* AssimentView.swift */,
				7871A08C2B3194CB00366237 /* MeetView.swift */,
				7871A08A2B3194BE00366237 /* DailyView.swift */,
				7871A08E2B3194D200366237 /* WorkoutView.swift */,
				788898112AF366DA0074A293 /* waffle_bibsApp.swift */,
				788898152AF366DC0074A293 /* Assets.xcassets */,
				787CEE672B419E7000DF51BD /* Launch Screen.storyboard */,
				78BC9BA12B05F15300CD8C2E /* Info.plist */,
				78BC9B8E2B05EC7200CD8C2E /* Font */,
				788898172AF366DC0074A293 /* Preview Content */,
			);
			path = "waffle-bibs";
			sourceTree = "<group>";
		};
		788898172AF366DC0074A293 /* Preview Content */ = {
			isa = PBXGroup;
			children = (
				788898182AF366DC0074A293 /* Preview Assets.xcassets */,
			);
			path = "Preview Content";
			sourceTree = "<group>";
		};
		78BC9B8E2B05EC7200CD8C2E /* Font */ = {
			isa = PBXGroup;
			children = (
				78BC9B942B05EC8300CD8C2E /* Inter-Black.ttf */,
				78BC9B902B05EC8200CD8C2E /* Inter-Bold.ttf */,
				78BC9B972B05EC8300CD8C2E /* Inter-ExtraBold.ttf */,
				78BC9B922B05EC8300CD8C2E /* Inter-ExtraLight.ttf */,
				78BC9B8F2B05EC8200CD8C2E /* Inter-Light.ttf */,
				78BC9B912B05EC8200CD8C2E /* Inter-Medium.ttf */,
				78BC9B962B05EC8300CD8C2E /* Inter-Regular.ttf */,
				78BC9B952B05EC8300CD8C2E /* Inter-SemiBold.ttf */,
				78BC9B932B05EC8300CD8C2E /* Inter-Thin.ttf */,
			);
			path = Font;
			sourceTree = "<group>";
		};
		78FDBA2D2B05FF7E0044D91C /* Model */ = {
			isa = PBXGroup;
			children = (
				78FDBA2E2B05FF8F0044D91C /* GridItemModel.swift */,
				781DC08E2B15F833004C629D /* CategoryModel.swift */,
			);
			name = Model;
			path = "ㅡㅐㅇ디";
			sourceTree = "<group>";
		};
		DF1974BE6F56AFCCC5CBDF30 /* Frameworks */ = {
			isa = PBXGroup;
			children = (
				342C36B01B6EE493344512EB /* Pods_waffle_bibs.framework */,
			);
			name = Frameworks;
			sourceTree = "<group>";
		};
/* End PBXGroup section */

/* Begin PBXNativeTarget section */
		7888980D2AF366DA0074A293 /* waffle-bibs */ = {
			isa = PBXNativeTarget;
			buildConfigurationList = 7888981C2AF366DC0074A293 /* Build configuration list for PBXNativeTarget "waffle-bibs" */;
			buildPhases = (
				9A975DE56649502FEB6993BE /* [CP] Check Pods Manifest.lock */,
				7888980A2AF366DA0074A293 /* Sources */,
				7888980B2AF366DA0074A293 /* Frameworks */,
				7888980C2AF366DA0074A293 /* Resources */,
				2D61FE2B50A4CCD68C13BA5C /* [CP] Embed Pods Frameworks */,
			);
			buildRules = (
			);
			dependencies = (
			);
			name = "waffle-bibs";
			productName = "waffle-bibs";
			productReference = 7888980E2AF366DA0074A293 /* waffle-bibs.app */;
			productType = "com.apple.product-type.application";
		};
/* End PBXNativeTarget section */

/* Begin PBXProject section */
		788898062AF366DA0074A293 /* Project object */ = {
			isa = PBXProject;
			attributes = {
				BuildIndependentTargetsInParallel = 1;
				LastSwiftUpdateCheck = 1420;
				LastUpgradeCheck = 1420;
				TargetAttributes = {
					7888980D2AF366DA0074A293 = {
						CreatedOnToolsVersion = 14.2;
					};
				};
			};
			buildConfigurationList = 788898092AF366DA0074A293 /* Build configuration list for PBXProject "waffle-bibs" */;
			compatibilityVersion = "Xcode 14.0";
			developmentRegion = en;
			hasScannedForEncodings = 0;
			knownRegions = (
				en,
				Base,
			);
			mainGroup = 788898052AF366DA0074A293;
			productRefGroup = 7888980F2AF366DA0074A293 /* Products */;
			projectDirPath = "";
			projectRoot = "";
			targets = (
				7888980D2AF366DA0074A293 /* waffle-bibs */,
			);
		};
/* End PBXProject section */

/* Begin PBXResourcesBuildPhase section */
		7888980C2AF366DA0074A293 /* Resources */ = {
			isa = PBXResourcesBuildPhase;
			buildActionMask = 2147483647;
			files = (
				788898192AF366DC0074A293 /* Preview Assets.xcassets in Resources */,
				78BC9BA02B05EC8400CD8C2E /* Inter-ExtraBold.ttf in Resources */,
				78BC9B9B2B05EC8400CD8C2E /* Inter-ExtraLight.ttf in Resources */,
				78BC9B982B05EC8400CD8C2E /* Inter-Light.ttf in Resources */,
				78BC9B9E2B05EC8400CD8C2E /* Inter-SemiBold.ttf in Resources */,
				78BC9B992B05EC8400CD8C2E /* Inter-Bold.ttf in Resources */,
				787CEE682B419E7000DF51BD /* Launch Screen.storyboard in Resources */,
				78BC9B9A2B05EC8400CD8C2E /* Inter-Medium.ttf in Resources */,
				78BC9B9F2B05EC8400CD8C2E /* Inter-Regular.ttf in Resources */,
				788898162AF366DC0074A293 /* Assets.xcassets in Resources */,
				78BC9B9C2B05EC8400CD8C2E /* Inter-Thin.ttf in Resources */,
				78BC9B9D2B05EC8400CD8C2E /* Inter-Black.ttf in Resources */,
			);
			runOnlyForDeploymentPostprocessing = 0;
		};
/* End PBXResourcesBuildPhase section */

/* Begin PBXShellScriptBuildPhase section */
		2D61FE2B50A4CCD68C13BA5C /* [CP] Embed Pods Frameworks */ = {
			isa = PBXShellScriptBuildPhase;
			buildActionMask = 2147483647;
			files = (
			);
			inputFileListPaths = (
				"${PODS_ROOT}/Target Support Files/Pods-waffle-bibs/Pods-waffle-bibs-frameworks-${CONFIGURATION}-input-files.xcfilelist",
			);
			name = "[CP] Embed Pods Frameworks";
			outputFileListPaths = (
				"${PODS_ROOT}/Target Support Files/Pods-waffle-bibs/Pods-waffle-bibs-frameworks-${CONFIGURATION}-output-files.xcfilelist",
			);
			runOnlyForDeploymentPostprocessing = 0;
			shellPath = /bin/sh;
			shellScript = "\"${PODS_ROOT}/Target Support Files/Pods-waffle-bibs/Pods-waffle-bibs-frameworks.sh\"\n";
			showEnvVarsInLog = 0;
		};
		9A975DE56649502FEB6993BE /* [CP] Check Pods Manifest.lock */ = {
			isa = PBXShellScriptBuildPhase;
			buildActionMask = 2147483647;
			files = (
			);
			inputFileListPaths = (
			);
			inputPaths = (
				"${PODS_PODFILE_DIR_PATH}/Podfile.lock",
				"${PODS_ROOT}/Manifest.lock",
			);
			name = "[CP] Check Pods Manifest.lock";
			outputFileListPaths = (
			);
			outputPaths = (
				"$(DERIVED_FILE_DIR)/Pods-waffle-bibs-checkManifestLockResult.txt",
			);
			runOnlyForDeploymentPostprocessing = 0;
			shellPath = /bin/sh;
			shellScript = "diff \"${PODS_PODFILE_DIR_PATH}/Podfile.lock\" \"${PODS_ROOT}/Manifest.lock\" > /dev/null\nif [ $? != 0 ] ; then\n    # print error to STDERR\n    echo \"error: The sandbox is not in sync with the Podfile.lock. Run 'pod install' or update your CocoaPods installation.\" >&2\n    exit 1\nfi\n# This output is used by Xcode 'outputs' to avoid re-running this script phase.\necho \"SUCCESS\" > \"${SCRIPT_OUTPUT_FILE_0}\"\n";
			showEnvVarsInLog = 0;
		};
/* End PBXShellScriptBuildPhase section */

/* Begin PBXSourcesBuildPhase section */
		7888980A2AF366DA0074A293 /* Sources */ = {
			isa = PBXSourcesBuildPhase;
			buildActionMask = 2147483647;
			files = (
				7871A08B2B3194BE00366237 /* DailyView.swift in Sources */,
				78C67AE92B14791200A2DB69 /* AssimentView.swift in Sources */,
				781769A82B302DEE00412D7D /* CategoryViewModel.swift in Sources */,
				78FDBA2F2B05FF8F0044D91C /* GridItemModel.swift in Sources */,
				7871A08F2B3194D200366237 /* WorkoutView.swift in Sources */,
				788898142AF366DA0074A293 /* ContentView.swift in Sources */,
				781DC08F2B15F833004C629D /* CategoryModel.swift in Sources */,
				7871A08D2B3194CB00366237 /* MeetView.swift in Sources */,
				788898122AF366DA0074A293 /* waffle_bibsApp.swift in Sources */,
			);
			runOnlyForDeploymentPostprocessing = 0;
		};
/* End PBXSourcesBuildPhase section */

/* Begin XCBuildConfiguration section */
		7888981A2AF366DC0074A293 /* Debug */ = {
			isa = XCBuildConfiguration;
			buildSettings = {
				ALWAYS_SEARCH_USER_PATHS = NO;
				CLANG_ANALYZER_NONNULL = YES;
				CLANG_ANALYZER_NUMBER_OBJECT_CONVERSION = YES_AGGRESSIVE;
				CLANG_CXX_LANGUAGE_STANDARD = "gnu++20";
				CLANG_ENABLE_MODULES = YES;
				CLANG_ENABLE_OBJC_ARC = YES;
				CLANG_ENABLE_OBJC_WEAK = YES;
				CLANG_WARN_BLOCK_CAPTURE_AUTORELEASING = YES;
				CLANG_WARN_BOOL_CONVERSION = YES;
				CLANG_WARN_COMMA = YES;
				CLANG_WARN_CONSTANT_CONVERSION = YES;
				CLANG_WARN_DEPRECATED_OBJC_IMPLEMENTATIONS = YES;
				CLANG_WARN_DIRECT_OBJC_ISA_USAGE = YES_ERROR;
				CLANG_WARN_DOCUMENTATION_COMMENTS = YES;
				CLANG_WARN_EMPTY_BODY = YES;
				CLANG_WARN_ENUM_CONVERSION = YES;
				CLANG_WARN_INFINITE_RECURSION = YES;
				CLANG_WARN_INT_CONVERSION = YES;
				CLANG_WARN_NON_LITERAL_NULL_CONVERSION = YES;
				CLANG_WARN_OBJC_IMPLICIT_RETAIN_SELF = YES;
				CLANG_WARN_OBJC_LITERAL_CONVERSION = YES;
				CLANG_WARN_OBJC_ROOT_CLASS = YES_ERROR;
				CLANG_WARN_QUOTED_INCLUDE_IN_FRAMEWORK_HEADER = YES;
				CLANG_WARN_RANGE_LOOP_ANALYSIS = YES;
				CLANG_WARN_STRICT_PROTOTYPES = YES;
				CLANG_WARN_SUSPICIOUS_MOVE = YES;
				CLANG_WARN_UNGUARDED_AVAILABILITY = YES_AGGRESSIVE;
				CLANG_WARN_UNREACHABLE_CODE = YES;
				CLANG_WARN__DUPLICATE_METHOD_MATCH = YES;
				COPY_PHASE_STRIP = NO;
				DEBUG_INFORMATION_FORMAT = dwarf;
				ENABLE_STRICT_OBJC_MSGSEND = YES;
				ENABLE_TESTABILITY = YES;
				GCC_C_LANGUAGE_STANDARD = gnu11;
				GCC_DYNAMIC_NO_PIC = NO;
				GCC_NO_COMMON_BLOCKS = YES;
				GCC_OPTIMIZATION_LEVEL = 0;
				GCC_PREPROCESSOR_DEFINITIONS = (
					"DEBUG=1",
					"$(inherited)",
				);
				GCC_WARN_64_TO_32_BIT_CONVERSION = YES;
				GCC_WARN_ABOUT_RETURN_TYPE = YES_ERROR;
				GCC_WARN_UNDECLARED_SELECTOR = YES;
				GCC_WARN_UNINITIALIZED_AUTOS = YES_AGGRESSIVE;
				GCC_WARN_UNUSED_FUNCTION = YES;
				GCC_WARN_UNUSED_VARIABLE = YES;
				IPHONEOS_DEPLOYMENT_TARGET = 16.2;
				MTL_ENABLE_DEBUG_INFO = INCLUDE_SOURCE;
				MTL_FAST_MATH = YES;
				ONLY_ACTIVE_ARCH = YES;
				SDKROOT = iphoneos;
				SWIFT_ACTIVE_COMPILATION_CONDITIONS = DEBUG;
				SWIFT_OPTIMIZATION_LEVEL = "-Onone";
			};
			name = Debug;
		};
		7888981B2AF366DC0074A293 /* Release */ = {
			isa = XCBuildConfiguration;
			buildSettings = {
				ALWAYS_SEARCH_USER_PATHS = NO;
				CLANG_ANALYZER_NONNULL = YES;
				CLANG_ANALYZER_NUMBER_OBJECT_CONVERSION = YES_AGGRESSIVE;
				CLANG_CXX_LANGUAGE_STANDARD = "gnu++20";
				CLANG_ENABLE_MODULES = YES;
				CLANG_ENABLE_OBJC_ARC = YES;
				CLANG_ENABLE_OBJC_WEAK = YES;
				CLANG_WARN_BLOCK_CAPTURE_AUTORELEASING = YES;
				CLANG_WARN_BOOL_CONVERSION = YES;
				CLANG_WARN_COMMA = YES;
				CLANG_WARN_CONSTANT_CONVERSION = YES;
				CLANG_WARN_DEPRECATED_OBJC_IMPLEMENTATIONS = YES;
				CLANG_WARN_DIRECT_OBJC_ISA_USAGE = YES_ERROR;
				CLANG_WARN_DOCUMENTATION_COMMENTS = YES;
				CLANG_WARN_EMPTY_BODY = YES;
				CLANG_WARN_ENUM_CONVERSION = YES;
				CLANG_WARN_INFINITE_RECURSION = YES;
				CLANG_WARN_INT_CONVERSION = YES;
				CLANG_WARN_NON_LITERAL_NULL_CONVERSION = YES;
				CLANG_WARN_OBJC_IMPLICIT_RETAIN_SELF = YES;
				CLANG_WARN_OBJC_LITERAL_CONVERSION = YES;
				CLANG_WARN_OBJC_ROOT_CLASS = YES_ERROR;
				CLANG_WARN_QUOTED_INCLUDE_IN_FRAMEWORK_HEADER = YES;
				CLANG_WARN_RANGE_LOOP_ANALYSIS = YES;
				CLANG_WARN_STRICT_PROTOTYPES = YES;
				CLANG_WARN_SUSPICIOUS_MOVE = YES;
				CLANG_WARN_UNGUARDED_AVAILABILITY = YES_AGGRESSIVE;
				CLANG_WARN_UNREACHABLE_CODE = YES;
				CLANG_WARN__DUPLICATE_METHOD_MATCH = YES;
				COPY_PHASE_STRIP = NO;
				DEBUG_INFORMATION_FORMAT = "dwarf-with-dsym";
				ENABLE_NS_ASSERTIONS = NO;
				ENABLE_STRICT_OBJC_MSGSEND = YES;
				GCC_C_LANGUAGE_STANDARD = gnu11;
				GCC_NO_COMMON_BLOCKS = YES;
				GCC_WARN_64_TO_32_BIT_CONVERSION = YES;
				GCC_WARN_ABOUT_RETURN_TYPE = YES_ERROR;
				GCC_WARN_UNDECLARED_SELECTOR = YES;
				GCC_WARN_UNINITIALIZED_AUTOS = YES_AGGRESSIVE;
				GCC_WARN_UNUSED_FUNCTION = YES;
				GCC_WARN_UNUSED_VARIABLE = YES;
				IPHONEOS_DEPLOYMENT_TARGET = 16.2;
				MTL_ENABLE_DEBUG_INFO = NO;
				MTL_FAST_MATH = YES;
				SDKROOT = iphoneos;
				SWIFT_COMPILATION_MODE = wholemodule;
				SWIFT_OPTIMIZATION_LEVEL = "-O";
				VALIDATE_PRODUCT = YES;
			};
			name = Release;
		};
		7888981D2AF366DC0074A293 /* Debug */ = {
			isa = XCBuildConfiguration;
			baseConfigurationReference = F488346D9C1FE6B7045886DF /* Pods-waffle-bibs.debug.xcconfig */;
			buildSettings = {
				ASSETCATALOG_COMPILER_APPICON_NAME = AppIcon;
				ASSETCATALOG_COMPILER_GLOBAL_ACCENT_COLOR_NAME = AccentColor;
				CODE_SIGN_STYLE = Automatic;
				CURRENT_PROJECT_VERSION = 1;
				DEVELOPMENT_ASSET_PATHS = "\"waffle-bibs/Preview Content\"";
				DEVELOPMENT_TEAM = D2DRA3F792;
				ENABLE_PREVIEWS = YES;
				GENERATE_INFOPLIST_FILE = YES;
				INFOPLIST_FILE = "waffle-bibs/Info.plist";
				INFOPLIST_KEY_LSApplicationCategoryType = "";
				INFOPLIST_KEY_UIApplicationSceneManifest_Generation = YES;
				INFOPLIST_KEY_UIApplicationSupportsIndirectInputEvents = YES;
				INFOPLIST_KEY_UILaunchStoryboardName = "Launch Screen.storyboard";
				INFOPLIST_KEY_UISupportedInterfaceOrientations = "UIInterfaceOrientationLandscapeLeft UIInterfaceOrientationLandscapeRight UIInterfaceOrientationPortrait";
				INFOPLIST_KEY_UISupportedInterfaceOrientations_iPad = "UIInterfaceOrientationLandscapeLeft UIInterfaceOrientationLandscapeRight UIInterfaceOrientationPortrait UIInterfaceOrientationPortraitUpsideDown";
				LD_RUNPATH_SEARCH_PATHS = (
					"$(inherited)",
					"@executable_path/Frameworks",
				);
				MARKETING_VERSION = 1.0;
				PRODUCT_BUNDLE_IDENTIFIER = "yizi.waffle-bibs";
				PRODUCT_NAME = "$(TARGET_NAME)";
				SWIFT_EMIT_LOC_STRINGS = YES;
				SWIFT_VERSION = 5.0;
				TARGETED_DEVICE_FAMILY = "1,2";
			};
			name = Debug;
		};
		7888981E2AF366DC0074A293 /* Release */ = {
			isa = XCBuildConfiguration;
			baseConfigurationReference = D91F7E2A3DFF30D0ED05719D /* Pods-waffle-bibs.release.xcconfig */;
			buildSettings = {
				ASSETCATALOG_COMPILER_APPICON_NAME = AppIcon;
				ASSETCATALOG_COMPILER_GLOBAL_ACCENT_COLOR_NAME = AccentColor;
				CODE_SIGN_STYLE = Automatic;
				CURRENT_PROJECT_VERSION = 1;
				DEVELOPMENT_ASSET_PATHS = "\"waffle-bibs/Preview Content\"";
				DEVELOPMENT_TEAM = D2DRA3F792;
				ENABLE_PREVIEWS = YES;
				GENERATE_INFOPLIST_FILE = YES;
				INFOPLIST_FILE = "waffle-bibs/Info.plist";
				INFOPLIST_KEY_LSApplicationCategoryType = "";
				INFOPLIST_KEY_UIApplicationSceneManifest_Generation = YES;
				INFOPLIST_KEY_UIApplicationSupportsIndirectInputEvents = YES;
				INFOPLIST_KEY_UILaunchStoryboardName = "Launch Screen.storyboard";
				INFOPLIST_KEY_UISupportedInterfaceOrientations = "UIInterfaceOrientationLandscapeLeft UIInterfaceOrientationLandscapeRight UIInterfaceOrientationPortrait";
				INFOPLIST_KEY_UISupportedInterfaceOrientations_iPad = "UIInterfaceOrientationLandscapeLeft UIInterfaceOrientationLandscapeRight UIInterfaceOrientationPortrait UIInterfaceOrientationPortraitUpsideDown";
				LD_RUNPATH_SEARCH_PATHS = (
					"$(inherited)",
					"@executable_path/Frameworks",
				);
				MARKETING_VERSION = 1.0;
				PRODUCT_BUNDLE_IDENTIFIER = "yizi.waffle-bibs";
				PRODUCT_NAME = "$(TARGET_NAME)";
				SWIFT_EMIT_LOC_STRINGS = YES;
				SWIFT_VERSION = 5.0;
				TARGETED_DEVICE_FAMILY = "1,2";
			};
			name = Release;
		};
/* End XCBuildConfiguration section */

/* Begin XCConfigurationList section */
		788898092AF366DA0074A293 /* Build configuration list for PBXProject "waffle-bibs" */ = {
			isa = XCConfigurationList;
			buildConfigurations = (
				7888981A2AF366DC0074A293 /* Debug */,
				7888981B2AF366DC0074A293 /* Release */,
			);
			defaultConfigurationIsVisible = 0;
			defaultConfigurationName = Release;
		};
		7888981C2AF366DC0074A293 /* Build configuration list for PBXNativeTarget "waffle-bibs" */ = {
			isa = XCConfigurationList;
			buildConfigurations = (
				7888981D2AF366DC0074A293 /* Debug */,
				7888981E2AF366DC0074A293 /* Release */,
			);
			defaultConfigurationIsVisible = 0;
			defaultConfigurationName = Release;
		};
/* End XCConfigurationList section */
	};
	rootObject = 788898062AF366DA0074A293 /* Project object */;
}
